hash: b996083744b8ec77ee246139bf3db49cecdbcdcfb6bb50afe71d26d2cffb4a2a
updated: 2016-12-26T10:49:36.950989725+01:00
imports:
- name: github.com/alecthomas/template
  version: a0175ee3bccc567396460bf5acd36800cb10c49c
  subpackages:
  - parse
- name: github.com/alecthomas/units
  version: 2efee857e7cfd4f3d0138cc3cbb1b4966962b93a
- name: github.com/antonholmquist/jason
  version: 9ed5de158b19b3828f25ee5ba82212af7613a59e
  repo: git://github.com/debackerl/jason
- name: github.com/debackerl/queryme
  version: c53d5a785f6f7cca0ce2fc3eec14128e58611ea3
  subpackages:
  - go
- name: github.com/gorilla/handlers
  version: ee54c7b44cab12289237fb8631314790076e728b
- name: github.com/jackc/pgx
  version: 2508faa9ced29f4bbb3a39483e4b5ac2627a7c48
- name: github.com/mattn/go-runewidth
  version: 737072b4e32b7a5018b4a7125da8d12de90e8045
- name: github.com/naoina/denco
  version: a2656d3ed566ac9912ba18fcfc942c562d9463c7
- name: github.com/naoina/go-stringutil
  version: 6b638e95a32d0c1131db0e7fe83775cbea4a0d0b
- name: github.com/naoina/toml
  version: 751171607256bb66e64c9f0220c00662420c38e9
  subpackages:
  - ast
- name: github.com/olekukonko/tablewriter
  version: bdcc175572fd7abece6c831e643891b9331bc9e7
- name: github.com/tealeg/xlsx
  version: e0f3d7d6cf84b282edb711bc6a23e8dbbd331a13
- name: gopkg.in/alecthomas/kingpin.v1
  version: e9044be3ab2a8e11d4e1f418d12f0790d57e8d70
- name: gopkg.in/tylerb/graceful.v1
  version: 50a48b6e73fcc75b45e22c05b79629a67c79e938
testImports: []
